// !$*UTF8*$!
{
	archiveVersion = 1;
	classes = {
	};
	objectVersion = 50;
	objects = {

/* Begin PBXBuildFile section */
		2C534F8321AAC623008D1FA4 /* ReadingCell.swift in Sources */ = {isa = PBXBuildFile; fileRef = 2C534F8221AAC623008D1FA4 /* ReadingCell.swift */; };
		2C534F8721AAEE5C008D1FA4 /* LocationMetadata.swift in Sources */ = {isa = PBXBuildFile; fileRef = 2C534F8621AAEE5C008D1FA4 /* LocationMetadata.swift */; };
		2C98F31220CFB9EC0097A9C4 /* AppDelegate.swift in Sources */ = {isa = PBXBuildFile; fileRef = 2C98F31120CFB9EC0097A9C4 /* AppDelegate.swift */; };
		2C98F31420CFB9EC0097A9C4 /* MasterViewController.swift in Sources */ = {isa = PBXBuildFile; fileRef = 2C98F31320CFB9EC0097A9C4 /* MasterViewController.swift */; };
		2C98F31720CFB9EC0097A9C4 /* Main.storyboard in Resources */ = {isa = PBXBuildFile; fileRef = 2C98F31520CFB9EC0097A9C4 /* Main.storyboard */; };
		2C98F31C20CFB9EE0097A9C4 /* LaunchScreen.storyboard in Resources */ = {isa = PBXBuildFile; fileRef = 2C98F31A20CFB9EE0097A9C4 /* LaunchScreen.storyboard */; };
		2C98F32620CFBCB20097A9C4 /* Sensor.swift in Sources */ = {isa = PBXBuildFile; fileRef = 2C98F32520CFBCB20097A9C4 /* Sensor.swift */; };
		2C98F32820CFC78B0097A9C4 /* Result.swift in Sources */ = {isa = PBXBuildFile; fileRef = 2C98F32720CFC78B0097A9C4 /* Result.swift */; };
		2C98F32A20CFCC080097A9C4 /* RESTManager.swift in Sources */ = {isa = PBXBuildFile; fileRef = 2C98F32920CFCC080097A9C4 /* RESTManager.swift */; };
		2C98F32D20D020750097A9C4 /* Station.swift in Sources */ = {isa = PBXBuildFile; fileRef = 2C98F32C20D020750097A9C4 /* Station.swift */; };
		2C98F33220D0263E0097A9C4 /* StationViewController.swift in Sources */ = {isa = PBXBuildFile; fileRef = 2C98F33120D0263E0097A9C4 /* StationViewController.swift */; };
		2C98F33420D04C2C0097A9C4 /* StationCell.swift in Sources */ = {isa = PBXBuildFile; fileRef = 2C98F33320D04C2C0097A9C4 /* StationCell.swift */; };
		2CA6B92821A9A0E9006F136C /* RESTCache.swift in Sources */ = {isa = PBXBuildFile; fileRef = 2CA6B92721A9A0E9006F136C /* RESTCache.swift */; };
		2CA6B92A21A9C082006F136C /* DetailViewController.swift in Sources */ = {isa = PBXBuildFile; fileRef = 2CA6B92921A9C082006F136C /* DetailViewController.swift */; };
		2CF9E6EA21AAB73F00B3E921 /* PrimarySplitViewController.swift in Sources */ = {isa = PBXBuildFile; fileRef = 2CF9E6E921AAB73F00B3E921 /* PrimarySplitViewController.swift */; };
/* End PBXBuildFile section */

/* Begin PBXFileReference section */
		2C534F8221AAC623008D1FA4 /* ReadingCell.swift */ = {isa = PBXFileReference; lastKnownFileType = sourcecode.swift; path = ReadingCell.swift; sourceTree = "<group>"; };
		2C534F8621AAEE5C008D1FA4 /* LocationMetadata.swift */ = {isa = PBXFileReference; lastKnownFileType = sourcecode.swift; path = LocationMetadata.swift; sourceTree = "<group>"; };
		2C98F30E20CFB9EC0097A9C4 /* Powietrze.app */ = {isa = PBXFileReference; explicitFileType = wrapper.application; includeInIndex = 0; path = Powietrze.app; sourceTree = BUILT_PRODUCTS_DIR; };
		2C98F31120CFB9EC0097A9C4 /* AppDelegate.swift */ = {isa = PBXFileReference; lastKnownFileType = sourcecode.swift; path = AppDelegate.swift; sourceTree = "<group>"; };
		2C98F31320CFB9EC0097A9C4 /* MasterViewController.swift */ = {isa = PBXFileReference; lastKnownFileType = sourcecode.swift; path = MasterViewController.swift; sourceTree = "<group>"; };
		2C98F31620CFB9EC0097A9C4 /* Base */ = {isa = PBXFileReference; lastKnownFileType = file.storyboard; name = Base; path = Base.lproj/Main.storyboard; sourceTree = "<group>"; };
		2C98F31B20CFB9EE0097A9C4 /* Base */ = {isa = PBXFileReference; lastKnownFileType = file.storyboard; name = Base; path = Base.lproj/LaunchScreen.storyboard; sourceTree = "<group>"; };
		2C98F31D20CFB9EE0097A9C4 /* Info.plist */ = {isa = PBXFileReference; lastKnownFileType = text.plist.xml; path = Info.plist; sourceTree = "<group>"; };
		2C98F32520CFBCB20097A9C4 /* Sensor.swift */ = {isa = PBXFileReference; lastKnownFileType = sourcecode.swift; path = Sensor.swift; sourceTree = "<group>"; };
		2C98F32720CFC78B0097A9C4 /* Result.swift */ = {isa = PBXFileReference; lastKnownFileType = sourcecode.swift; path = Result.swift; sourceTree = "<group>"; };
		2C98F32920CFCC080097A9C4 /* RESTManager.swift */ = {isa = PBXFileReference; lastKnownFileType = sourcecode.swift; path = RESTManager.swift; sourceTree = "<group>"; };
		2C98F32C20D020750097A9C4 /* Station.swift */ = {isa = PBXFileReference; lastKnownFileType = sourcecode.swift; path = Station.swift; sourceTree = "<group>"; };
		2C98F33120D0263E0097A9C4 /* StationViewController.swift */ = {isa = PBXFileReference; lastKnownFileType = sourcecode.swift; path = StationViewController.swift; sourceTree = "<group>"; };
		2C98F33320D04C2C0097A9C4 /* StationCell.swift */ = {isa = PBXFileReference; lastKnownFileType = sourcecode.swift; path = StationCell.swift; sourceTree = "<group>"; };
		2CA6B92721A9A0E9006F136C /* RESTCache.swift */ = {isa = PBXFileReference; lastKnownFileType = sourcecode.swift; path = RESTCache.swift; sourceTree = "<group>"; };
		2CA6B92921A9C082006F136C /* DetailViewController.swift */ = {isa = PBXFileReference; lastKnownFileType = sourcecode.swift; path = DetailViewController.swift; sourceTree = "<group>"; };
		2CF9E6E921AAB73F00B3E921 /* PrimarySplitViewController.swift */ = {isa = PBXFileReference; lastKnownFileType = sourcecode.swift; path = PrimarySplitViewController.swift; sourceTree = "<group>"; };
/* End PBXFileReference section */

/* Begin PBXFrameworksBuildPhase section */
		2C98F30B20CFB9EC0097A9C4 /* Frameworks */ = {
			isa = PBXFrameworksBuildPhase;
			buildActionMask = 2147483647;
			files = (
			);
			runOnlyForDeploymentPostprocessing = 0;
		};
/* End PBXFrameworksBuildPhase section */

/* Begin PBXGroup section */
		2C534F8421AAD00F008D1FA4 /* Sensors */ = {
			isa = PBXGroup;
			children = (
				2C98F31320CFB9EC0097A9C4 /* MasterViewController.swift */,
				2C534F8521AAD02A008D1FA4 /* Readings */,
			);
			path = Sensors;
			sourceTree = "<group>";
		};
		2C534F8521AAD02A008D1FA4 /* Readings */ = {
			isa = PBXGroup;
			children = (
				2CA6B92921A9C082006F136C /* DetailViewController.swift */,
				2C534F8221AAC623008D1FA4 /* ReadingCell.swift */,
			);
			path = Readings;
			sourceTree = "<group>";
		};
		2C98F30520CFB9EC0097A9C4 = {
			isa = PBXGroup;
			children = (
				2C98F31020CFB9EC0097A9C4 /* Powietrze */,
				2C98F30F20CFB9EC0097A9C4 /* Products */,
			);
			sourceTree = "<group>";
		};
		2C98F30F20CFB9EC0097A9C4 /* Products */ = {
			isa = PBXGroup;
			children = (
				2C98F30E20CFB9EC0097A9C4 /* Powietrze.app */,
			);
			name = Products;
			sourceTree = "<group>";
		};
		2C98F31020CFB9EC0097A9C4 /* Powietrze */ = {
			isa = PBXGroup;
			children = (
				2C98F33620D04DF70097A9C4 /* View Controllers */,
				2C98F33520D04DEE0097A9C4 /* REST */,
				2C98F31520CFB9EC0097A9C4 /* Main.storyboard */,
				2C98F32E20D022CA0097A9C4 /* Supporting Files */,
			);
			path = Powietrze;
			sourceTree = "<group>";
		};
		2C98F32B20D0203E0097A9C4 /* JSON */ = {
			isa = PBXGroup;
			children = (
				2C98F32720CFC78B0097A9C4 /* Result.swift */,
				2C98F32520CFBCB20097A9C4 /* Sensor.swift */,
				2C98F32C20D020750097A9C4 /* Station.swift */,
			);
			path = JSON;
			sourceTree = "<group>";
		};
		2C98F32E20D022CA0097A9C4 /* Supporting Files */ = {
			isa = PBXGroup;
			children = (
				2C98F31120CFB9EC0097A9C4 /* AppDelegate.swift */,
				2C98F31A20CFB9EE0097A9C4 /* LaunchScreen.storyboard */,
				2C98F31D20CFB9EE0097A9C4 /* Info.plist */,
			);
			path = "Supporting Files";
			sourceTree = "<group>";
		};
		2C98F33520D04DEE0097A9C4 /* REST */ = {
			isa = PBXGroup;
			children = (
				2C98F32920CFCC080097A9C4 /* RESTManager.swift */,
				2CA6B92721A9A0E9006F136C /* RESTCache.swift */,
				2C98F32B20D0203E0097A9C4 /* JSON */,
			);
			path = REST;
			sourceTree = "<group>";
		};
		2C98F33620D04DF70097A9C4 /* View Controllers */ = {
			isa = PBXGroup;
			children = (
				2CF9E6E921AAB73F00B3E921 /* PrimarySplitViewController.swift */,
				2C534F8421AAD00F008D1FA4 /* Sensors */,
				2C98F33720D04E070097A9C4 /* Stations */,
			);
			path = "View Controllers";
			sourceTree = "<group>";
		};
		2C98F33720D04E070097A9C4 /* Stations */ = {
			isa = PBXGroup;
			children = (
				2C98F33120D0263E0097A9C4 /* StationViewController.swift */,
				2C98F33320D04C2C0097A9C4 /* StationCell.swift */,
				2C534F8621AAEE5C008D1FA4 /* LocationMetadata.swift */,
			);
			path = Stations;
			sourceTree = "<group>";
		};
/* End PBXGroup section */

/* Begin PBXNativeTarget section */
		2C98F30D20CFB9EC0097A9C4 /* Powietrze */ = {
			isa = PBXNativeTarget;
			buildConfigurationList = 2C98F32020CFB9EE0097A9C4 /* Build configuration list for PBXNativeTarget "Powietrze" */;
			buildPhases = (
				2C98F30A20CFB9EC0097A9C4 /* Sources */,
				2C98F30B20CFB9EC0097A9C4 /* Frameworks */,
				2C98F30C20CFB9EC0097A9C4 /* Resources */,
				2C534F8921AB51CD008D1FA4 /* ShellScript */,
			);
			buildRules = (
			);
			dependencies = (
			);
			name = Powietrze;
			productName = Powietrze;
			productReference = 2C98F30E20CFB9EC0097A9C4 /* Powietrze.app */;
			productType = "com.apple.product-type.application";
		};
/* End PBXNativeTarget section */

/* Begin PBXProject section */
		2C98F30620CFB9EC0097A9C4 /* Project object */ = {
			isa = PBXProject;
			attributes = {
				LastSwiftUpdateCheck = 0940;
				LastUpgradeCheck = 0940;
				ORGANIZATIONNAME = "Krzysztof Niestrój";
				TargetAttributes = {
					2C98F30D20CFB9EC0097A9C4 = {
						CreatedOnToolsVersion = 9.4;
						LastSwiftMigration = 1010;
					};
				};
			};
			buildConfigurationList = 2C98F30920CFB9EC0097A9C4 /* Build configuration list for PBXProject "Powietrze" */;
			compatibilityVersion = "Xcode 9.3";
			developmentRegion = en;
			hasScannedForEncodings = 0;
			knownRegions = (
				en,
				Base,
			);
			mainGroup = 2C98F30520CFB9EC0097A9C4;
			productRefGroup = 2C98F30F20CFB9EC0097A9C4 /* Products */;
			projectDirPath = "";
			projectRoot = "";
			targets = (
				2C98F30D20CFB9EC0097A9C4 /* Powietrze */,
			);
		};
/* End PBXProject section */

/* Begin PBXResourcesBuildPhase section */
		2C98F30C20CFB9EC0097A9C4 /* Resources */ = {
			isa = PBXResourcesBuildPhase;
			buildActionMask = 2147483647;
			files = (
				2C98F31C20CFB9EE0097A9C4 /* LaunchScreen.storyboard in Resources */,
				2C98F31720CFB9EC0097A9C4 /* Main.storyboard in Resources */,
			);
			runOnlyForDeploymentPostprocessing = 0;
		};
/* End PBXResourcesBuildPhase section */

/* Begin PBXShellScriptBuildPhase section */
		2C534F8921AB51CD008D1FA4 /* ShellScript */ = {
			isa = PBXShellScriptBuildPhase;
			buildActionMask = 2147483647;
			files = (
			);
			inputFileListPaths = (
			);
			inputPaths = (
			);
			outputFileListPaths = (
			);
			outputPaths = (
			);
			runOnlyForDeploymentPostprocessing = 0;
			shellPath = /bin/sh;
			shellScript = "if which swiftlint >/dev/null; then\n    swiftlint\nelse\n    echo \"warning: SwiftLint not installed, download from https://github.com/realm/SwiftLint\"\nfi\n";
		};
/* End PBXShellScriptBuildPhase section */

/* Begin PBXSourcesBuildPhase section */
		2C98F30A20CFB9EC0097A9C4 /* Sources */ = {
			isa = PBXSourcesBuildPhase;
			buildActionMask = 2147483647;
			files = (
				2C98F31420CFB9EC0097A9C4 /* MasterViewController.swift in Sources */,
				2CF9E6EA21AAB73F00B3E921 /* PrimarySplitViewController.swift in Sources */,
				2C534F8721AAEE5C008D1FA4 /* LocationMetadata.swift in Sources */,
				2C534F8321AAC623008D1FA4 /* ReadingCell.swift in Sources */,
				2C98F32A20CFCC080097A9C4 /* RESTManager.swift in Sources */,
				2C98F33420D04C2C0097A9C4 /* StationCell.swift in Sources */,
				2C98F32620CFBCB20097A9C4 /* Sensor.swift in Sources */,
				2C98F32820CFC78B0097A9C4 /* Result.swift in Sources */,
				2C98F33220D0263E0097A9C4 /* StationViewController.swift in Sources */,
				2C98F32D20D020750097A9C4 /* Station.swift in Sources */,
				2CA6B92A21A9C082006F136C /* DetailViewController.swift in Sources */,
				2C98F31220CFB9EC0097A9C4 /* AppDelegate.swift in Sources */,
				2CA6B92821A9A0E9006F136C /* RESTCache.swift in Sources */,
			);
			runOnlyForDeploymentPostprocessing = 0;
		};
/* End PBXSourcesBuildPhase section */

/* Begin PBXVariantGroup section */
		2C98F31520CFB9EC0097A9C4 /* Main.storyboard */ = {
			isa = PBXVariantGroup;
			children = (
				2C98F31620CFB9EC0097A9C4 /* Base */,
			);
			name = Main.storyboard;
			sourceTree = "<group>";
		};
		2C98F31A20CFB9EE0097A9C4 /* LaunchScreen.storyboard */ = {
			isa = PBXVariantGroup;
			children = (
				2C98F31B20CFB9EE0097A9C4 /* Base */,
			);
			name = LaunchScreen.storyboard;
			sourceTree = "<group>";
		};
/* End PBXVariantGroup section */

/* Begin XCBuildConfiguration section */
		2C98F31E20CFB9EE0097A9C4 /* Debug */ = {
			isa = XCBuildConfiguration;
			buildSettings = {
				ALWAYS_SEARCH_USER_PATHS = NO;
				CLANG_ANALYZER_NONNULL = YES;
				CLANG_ANALYZER_NUMBER_OBJECT_CONVERSION = YES_AGGRESSIVE;
				CLANG_CXX_LANGUAGE_STANDARD = "gnu++14";
				CLANG_CXX_LIBRARY = "libc++";
				CLANG_ENABLE_MODULES = YES;
				CLANG_ENABLE_OBJC_ARC = YES;
				CLANG_ENABLE_OBJC_WEAK = YES;
				CLANG_WARN_BLOCK_CAPTURE_AUTORELEASING = YES;
				CLANG_WARN_BOOL_CONVERSION = YES;
				CLANG_WARN_COMMA = YES;
				CLANG_WARN_CONSTANT_CONVERSION = YES;
				CLANG_WARN_DEPRECATED_OBJC_IMPLEMENTATIONS = YES;
				CLANG_WARN_DIRECT_OBJC_ISA_USAGE = YES_ERROR;
				CLANG_WARN_DOCUMENTATION_COMMENTS = YES;
				CLANG_WARN_EMPTY_BODY = YES;
				CLANG_WARN_ENUM_CONVERSION = YES;
				CLANG_WARN_INFINITE_RECURSION = YES;
				CLANG_WARN_INT_CONVERSION = YES;
				CLANG_WARN_NON_LITERAL_NULL_CONVERSION = YES;
				CLANG_WARN_OBJC_IMPLICIT_RETAIN_SELF = YES;
				CLANG_WARN_OBJC_LITERAL_CONVERSION = YES;
				CLANG_WARN_OBJC_ROOT_CLASS = YES_ERROR;
				CLANG_WARN_RANGE_LOOP_ANALYSIS = YES;
				CLANG_WARN_STRICT_PROTOTYPES = YES;
				CLANG_WARN_SUSPICIOUS_MOVE = YES;
				CLANG_WARN_UNGUARDED_AVAILABILITY = YES_AGGRESSIVE;
				CLANG_WARN_UNREACHABLE_CODE = YES;
				CLANG_WARN__DUPLICATE_METHOD_MATCH = YES;
				CODE_SIGN_IDENTITY = "iPhone Developer";
				COPY_PHASE_STRIP = NO;
				DEBUG_INFORMATION_FORMAT = dwarf;
				ENABLE_STRICT_OBJC_MSGSEND = YES;
				ENABLE_TESTABILITY = YES;
				GCC_C_LANGUAGE_STANDARD = gnu11;
				GCC_DYNAMIC_NO_PIC = NO;
				GCC_NO_COMMON_BLOCKS = YES;
				GCC_OPTIMIZATION_LEVEL = 0;
				GCC_PREPROCESSOR_DEFINITIONS = (
					"DEBUG=1",
					"$(inherited)",
				);
				GCC_WARN_64_TO_32_BIT_CONVERSION = YES;
				GCC_WARN_ABOUT_RETURN_TYPE = YES_ERROR;
				GCC_WARN_UNDECLARED_SELECTOR = YES;
				GCC_WARN_UNINITIALIZED_AUTOS = YES_AGGRESSIVE;
				GCC_WARN_UNUSED_FUNCTION = YES;
				GCC_WARN_UNUSED_VARIABLE = YES;
				IPHONEOS_DEPLOYMENT_TARGET = 11.4;
				MTL_ENABLE_DEBUG_INFO = YES;
				ONLY_ACTIVE_ARCH = YES;
				SDKROOT = iphoneos;
				SWIFT_ACTIVE_COMPILATION_CONDITIONS = DEBUG;
				SWIFT_OPTIMIZATION_LEVEL = "-Onone";
			};
			name = Debug;
		};
		2C98F31F20CFB9EE0097A9C4 /* Release */ = {
			isa = XCBuildConfiguration;
			buildSettings = {
				ALWAYS_SEARCH_USER_PATHS = NO;
				CLANG_ANALYZER_NONNULL = YES;
				CLANG_ANALYZER_NUMBER_OBJECT_CONVERSION = YES_AGGRESSIVE;
				CLANG_CXX_LANGUAGE_STANDARD = "gnu++14";
				CLANG_CXX_LIBRARY = "libc++";
				CLANG_ENABLE_MODULES = YES;
				CLANG_ENABLE_OBJC_ARC = YES;
				CLANG_ENABLE_OBJC_WEAK = YES;
				CLANG_WARN_BLOCK_CAPTURE_AUTORELEASING = YES;
				CLANG_WARN_BOOL_CONVERSION = YES;
				CLANG_WARN_COMMA = YES;
				CLANG_WARN_CONSTANT_CONVERSION = YES;
				CLANG_WARN_DEPRECATED_OBJC_IMPLEMENTATIONS = YES;
				CLANG_WARN_DIRECT_OBJC_ISA_USAGE = YES_ERROR;
				CLANG_WARN_DOCUMENTATION_COMMENTS = YES;
				CLANG_WARN_EMPTY_BODY = YES;
				CLANG_WARN_ENUM_CONVERSION = YES;
				CLANG_WARN_INFINITE_RECURSION = YES;
				CLANG_WARN_INT_CONVERSION = YES;
				CLANG_WARN_NON_LITERAL_NULL_CONVERSION = YES;
				CLANG_WARN_OBJC_IMPLICIT_RETAIN_SELF = YES;
				CLANG_WARN_OBJC_LITERAL_CONVERSION = YES;
				CLANG_WARN_OBJC_ROOT_CLASS = YES_ERROR;
				CLANG_WARN_RANGE_LOOP_ANALYSIS = YES;
				CLANG_WARN_STRICT_PROTOTYPES = YES;
				CLANG_WARN_SUSPICIOUS_MOVE = YES;
				CLANG_WARN_UNGUARDED_AVAILABILITY = YES_AGGRESSIVE;
				CLANG_WARN_UNREACHABLE_CODE = YES;
				CLANG_WARN__DUPLICATE_METHOD_MATCH = YES;
				CODE_SIGN_IDENTITY = "iPhone Developer";
				COPY_PHASE_STRIP = NO;
				DEBUG_INFORMATION_FORMAT = "dwarf-with-dsym";
				ENABLE_NS_ASSERTIONS = NO;
				ENABLE_STRICT_OBJC_MSGSEND = YES;
				GCC_C_LANGUAGE_STANDARD = gnu11;
				GCC_NO_COMMON_BLOCKS = YES;
				GCC_WARN_64_TO_32_BIT_CONVERSION = YES;
				GCC_WARN_ABOUT_RETURN_TYPE = YES_ERROR;
				GCC_WARN_UNDECLARED_SELECTOR = YES;
				GCC_WARN_UNINITIALIZED_AUTOS = YES_AGGRESSIVE;
				GCC_WARN_UNUSED_FUNCTION = YES;
				GCC_WARN_UNUSED_VARIABLE = YES;
				IPHONEOS_DEPLOYMENT_TARGET = 11.4;
				MTL_ENABLE_DEBUG_INFO = NO;
				SDKROOT = iphoneos;
				SWIFT_COMPILATION_MODE = wholemodule;
				SWIFT_OPTIMIZATION_LEVEL = "-O";
				VALIDATE_PRODUCT = YES;
			};
			name = Release;
		};
		2C98F32120CFB9EE0097A9C4 /* Debug */ = {
			isa = XCBuildConfiguration;
			buildSettings = {
				ASSETCATALOG_COMPILER_APPICON_NAME = AppIcon;
				CODE_SIGN_STYLE = Automatic;
				DEVELOPMENT_TEAM = "";
				INFOPLIST_FILE = "Powietrze/Supporting Files/Info.plist";
				LD_RUNPATH_SEARCH_PATHS = (
					"$(inherited)",
					"@executable_path/Frameworks",
				);
				PRODUCT_BUNDLE_IDENTIFIER = kniestroj.Powietrze;
				PRODUCT_NAME = "$(TARGET_NAME)";
				SWIFT_VERSION = 4.2;
				TARGETED_DEVICE_FAMILY = "1,2";
			};
			name = Debug;
		};
		2C98F32220CFB9EE0097A9C4 /* Release */ = {
			isa = XCBuildConfiguration;
			buildSettings = {
				ASSETCATALOG_COMPILER_APPICON_NAME = AppIcon;
				CODE_SIGN_STYLE = Automatic;
				DEVELOPMENT_TEAM = "";
				INFOPLIST_FILE = "Powietrze/Supporting Files/Info.plist";
				LD_RUNPATH_SEARCH_PATHS = (
					"$(inherited)",
					"@executable_path/Frameworks",
				);
				PRODUCT_BUNDLE_IDENTIFIER = kniestroj.Powietrze;
				PRODUCT_NAME = "$(TARGET_NAME)";
				SWIFT_VERSION = 4.2;
				TARGETED_DEVICE_FAMILY = "1,2";
			};
			name = Release;
		};
/* End XCBuildConfiguration section */

/* Begin XCConfigurationList section */
		2C98F30920CFB9EC0097A9C4 /* Build configuration list for PBXProject "Powietrze" */ = {
			isa = XCConfigurationList;
			buildConfigurations = (
				2C98F31E20CFB9EE0097A9C4 /* Debug */,
				2C98F31F20CFB9EE0097A9C4 /* Release */,
			);
			defaultConfigurationIsVisible = 0;
			defaultConfigurationName = Release;
		};
		2C98F32020CFB9EE0097A9C4 /* Build configuration list for PBXNativeTarget "Powietrze" */ = {
			isa = XCConfigurationList;
			buildConfigurations = (
				2C98F32120CFB9EE0097A9C4 /* Debug */,
				2C98F32220CFB9EE0097A9C4 /* Release */,
			);
			defaultConfigurationIsVisible = 0;
			defaultConfigurationName = Release;
		};
/* End XCConfigurationList section */
	};
	rootObject = 2C98F30620CFB9EC0097A9C4 /* Project object */;
}
